{
  "name": "icp_wallet",
  "lockfileVersion": 3,
  "requires": true,
  "packages": {
    "": {
      "name": "icp_wallet",
      "workspaces": [
        "src/icp_wallet_frontend"
      ],
      "engines": {
        "node": ">=16.0.0",
        "npm": ">=7.0.0"
      }
    },
    "../../../Assignments/icp_wallet_project/icp_wallet/src/icp_wallet_frontend": {},
    "node_modules/icp_wallet_frontend": {
      "resolved": "../../../Assignments/icp_wallet_project/icp_wallet/src/icp_wallet_frontend",
      "link": true
    }
  }
}
